github.com/chzyer/logex v1.2.1 h1:XHDu3E6q+gdHgsdTPH6ImJMIp436vR6MPtH8gP05QzM=
github.com/chzyer/logex v1.2.1/go.mod h1:JLbx6lG2kDbNRFnfkgvh4eRJRPX1QCoOIWomwysCBrQ=
github.com/chzyer/readline v1.5.1 h1:upd/6fQk4src78LMRzh5vItIt361/o4uq553V8B5sGI=
github.com/chzyer/readline v1.5.1/go.mod h1:Eh+b79XXUwfKfcPLepksvw2tcLE/Ct21YObkaSkeBlk=
github.com/chzyer/test v1.0.0 h1:p3BQDXSxOhOG0P9z6/hGnII4LGiEPOYBhs8asl/fC04=
github.com/chzyer/test v1.0.0/go.mod h1:2JlltgoNkt4TW/z9V/IzDdFaMTM2JPIi26O1pF38GC8=
github.com/creack/pty v1.1.24 h1:bJrF4RRfyJnbTJqzRLHzcGaZK1NeM5kTC9jGgovnR1s=
github.com/creack/pty v1.1.24/go.mod h1:08sCNb52WyoAwi2QDyzUCTgcvVFhUzewun7wtTfvcwE=
github.com/davecgh/go-spew v1.1.1 h1:vj9j/u1bqnvCEfJOwUhtlOARqs3+rkHYY13jYWTU97c=
github.com/davecgh/go-spew v1.1.1/go.mod h1:J7Y8YcW2NihsgmVo/mv3lAwl/skON4iLHjSsI+c5H38=
github.com/hinshun/vt10x v0.0.0-20220301184237-5011da428d02 h1:AgcIVYPa6XJnU3phs104wLj8l5GEththEw6+F79YsIY=
github.com/hinshun/vt10x v0.0.0-20220301184237-5011da428d02/go.mod h1:Q48J4R4DvxnHolD5P8pOtXigYlRuPLGl6moFx3ulM68=
github.com/pmezard/go-difflib v1.0.0 h1:4DBwDE0NGyQoBHbLQYPwSUPoCMWR5BEzIk/f1lZbAQM=
github.com/pmezard/go-difflib v1.0.0/go.mod h1:iKH77koFhYxTK1pcRnkKkqfTogsbg7gZNVY4sRDYZ/4=
github.com/reeflective/readline v1.3.0 h1:uh9c2SEmyoy7A/auequfXZjvK0NP5HVEAJFcL9Uf7qE=
github.com/reeflective/readline v1.3.0/go.mod h1:bOpqx2/VqGlIoobyWR1Vgt/p5FiMfIHj4OicPuw6RfU=
github.com/rivo/uniseg v0.4.7 h1:WUdvkW8uEhrYfLC4ZzdpI2ztxP1I582+49Oc5Mq64VQ=
github.com/rivo/uniseg v0.4.7/go.mod h1:FN3SvrM+Zdj16jyLfmOkMNblXMcoc8DfTHruCPUcx88=
github.com/rohanthewiz/assert v0.1.2 h1:coi0nUTAuqgpxoa7THQynDnBKUzV9Bid+tNaocUkCYE=
github.com/rohanthewiz/assert v0.1.2/go.mod h1:Xix0OMMRN0aGkE207Wk5GJk0eWlpcNGph0+kYpuq+vQ=
github.com/rohanthewiz/btypedb v0.7.0 h1:i8zu+Rc5YIkocbVuNk1jlnb94g9RTtJQGAGm9xob+QI=
github.com/rohanthewiz/btypedb v0.7.0/go.mod h1:K+7M8clbmaVh33X9QYm1sA5A7DWDKOE1+O9WFQflMI0=
github.com/rohanthewiz/bytdb v0.11.0 h1:s7SyK5clCv7DKkNOkIzmBQ0iPDXCEXnamhP1g/O+XBA=
github.com/rohanthewiz/bytdb v0.11.0/go.mod h1:HKuQb7ptS/dPzagWWttvfy1qkQulke/p8JUHZeDOvO4=
github.com/rohanthewiz/element v0.5.6 h1:ngtHqe7asrJavAotQVNBK2veXgnGEIfcCzm7AYVJFHM=
github.com/rohanthewiz/element v0.5.6/go.mod h1:YZnKqWX2lSsR+zi06x3vhViYVoOSx8xHQjUMTmM/FLo=
github.com/rohanthewiz/logger v1.3.0 h1:cJoocqUvv5wsHcjlW7wupMTruyBCUHuu8J380u5fyFs=
github.com/rohanthewiz/logger v1.3.0/go.mod h1:aPgQ2SY+8fjgyUVcHpWBT9gGHaqKU4cfWjJ7Gkt+Eb0=
github.com/rohanthewiz/rweb v0.1.28 h1:H+FrC89cP9DNn0/5bMBnSMDfrFTZp2MQ3QH3/+zJ4jw=
github.com/rohanthewiz/rweb v0.1.28/go.mod h1:byJnPYevT7h4eqAlEQjlH124J0VPFmrP3Cp34wnQNqk=
github.com/rohanthewiz/serr v1.4.0 h1:twQnnRRB3+orPJBrdVBaxaYScNE+Dk9MxSLtEabvoGA=
github.com/rohanthewiz/serr v1.4.0/go.mod h1:l01AbjXw1zP0kxe5tX5s/sADHiBbl0Rwfo/igde4b88=
github.com/sirupsen/logrus v1.9.4 h1:TsZE7l11zFCLZnZ+teH4Umoq5BhEIfIzfRDZ1Uzql2w=
github.com/sirupsen/logrus v1.9.4/go.mod h1:ftWc9WdOfJ0a92nsE2jF5u5ZwH8Bv2zdeOC42RjbV2g=
github.com/stretchr/testify v1.11.1 h1:7s2iGBzp5EwR7/aIZr8ao5+dra3wiQyKjjFuvgVKu7U=
github.com/stretchr/testify v1.11.1/go.mod h1:wZwfW3scLgRK+23gO65QZefKpKQRnfz6sD981Nm4B6U=
github.com/tidwall/btype v0.3.0 h1:VU0/oeVecbqY+2OpyzN0wPQU9CBvCnmOv3w5A+pn42A=
github.com/tidwall/btype v0.3.0/go.mod h1:IRq7GmniRp9OhEKPIalEyUe/3x9oR8AuuKrdv0ANFbc=
golang.org/x/sys v0.0.0-20220310020820-b874c991c1a5/go.mod h1:oPkhp1MJrh7nUepCBck5+mAzfO9JrbApNNgaTdGDITg=
golang.org/x/sys v0.46.0 h1:noSf2Fq6F8DBgS+LysIkx7rIExoNHJsxOAtPp4rthXw=
golang.org/x/sys v0.46.0/go.mod h1:4GL1E5IUh+htKOUEOaiffhrAeqysfVGipDYzABqnCmw=
golang.org/x/term v0.44.0 h1:0rLvDRCtNj0gZkyIXhCyOb2OAzEhLVqc4B+hrsBhrmc=
golang.org/x/term v0.44.0/go.mod h1:7ze4MdzUzLXpSAoFP1H0bOI9aXDqveSvatT5vKcFh2Y=
gopkg.in/yaml.v3 v3.0.1 h1:fxVm/GzAzEWqLHuvctI91KS9hhNmmWOoWu0XTYJS7CA=
gopkg.in/yaml.v3 v3.0.1/go.mod h1:K4uyk7z7BCEPqu6E+C64Yfv1cQ7kz7rIZviUmN+EgEM=
